
Microsoft Visual Studio Solution File, Format Version 12.00
Project("{FAE04EC0-301F-11D3-BF4B-00C04F79EFBC}") = "RomanTests", "RomanTests\RomanTests.csproj", "{8F1EABD2-9A56-4F4E-99E6-075226092EA8}"
	ProjectSection(ProjectDependencies) = postProject
		{96142C48-068B-4010-96D0-38FB662035ED} = {96142C48-068B-4010-96D0-38FB662035ED}
	EndProjectSection
EndProject
Project("{FAE04EC0-301F-11D3-BF4B-00C04F79EFBC}") = "RomanCalculator", "RomanCalculator\RomanCalculator.csproj", "{96142C48-068B-4010-96D0-38FB662035ED}"
EndProject
Global
	GlobalSection(SolutionConfigurationPlatforms) = preSolution
		Debug|Any CPU = Debug|Any CPU
		Release|Any CPU = Release|Any CPU
	EndGlobalSection
	GlobalSection(ProjectConfigurationPlatforms) = postSolution
		{8F1EABD2-9A56-4F4E-99E6-075226092EA8}.Debug|Any CPU.ActiveCfg = Debug|Any CPU
		{8F1EABD2-9A56-4F4E-99E6-075226092EA8}.Debug|Any CPU.Build.0 = Debug|Any CPU
		{8F1EABD2-9A56-4F4E-99E6-075226092EA8}.Release|Any CPU.ActiveCfg = Release|Any CPU
		{8F1EABD2-9A56-4F4E-99E6-075226092EA8}.Release|Any CPU.Build.0 = Release|Any CPU
		{96142C48-068B-4010-96D0-38FB662035ED}.Debug|Any CPU.ActiveCfg = Debug|Any CPU
		{96142C48-068B-4010-96D0-38FB662035ED}.Debug|Any CPU.Build.0 = Debug|Any CPU
		{96142C48-068B-4010-96D0-38FB662035ED}.Release|Any CPU.ActiveCfg = Release|Any CPU
		{96142C48-068B-4010-96D0-38FB662035ED}.Release|Any CPU.Build.0 = Release|Any CPU
	EndGlobalSection
EndGlobal
